github.com/bazelbuild/buildtools v0.0.0-20250715102656-62b9413b08bb h1:KCEfAAZ5hZH+CEMzShOZ4nCro20Ohf6whugQc2PLZiM=
github.com/bazelbuild/buildtools v0.0.0-20250715102656-62b9413b08bb/go.mod h1:PLNUetjLa77TCCziPsz0EI8a6CUxgC+1jgmWv0H25tg=
github.com/google/go-cmp v0.7.0 h1:wk8382ETsv4JYUZwIsn6YpYiWiBsYLSJiTsyBybVuN8=
github.com/google/go-cmp v0.7.0/go.mod h1:pXiqmnSA92OHEEa9HXL2W4E7lf9JzCmGVUdgjX3N/iU=
